{
  "name": "visual",
  "requires": true,
  "lockfileVersion": 1,
  "dependencies": {
    "@types/d3": {
      "version": "3.5.41",
      "resolved": "https://registry.npmjs.org/@types/d3/-/d3-3.5.41.tgz",
      "integrity": "sha512-dInnr7nSPsofnLggOf70xvsInUjf3tRrE8XmxsioXALWQHkwEWi7RhTBCa9mYmiUDHMtuanSDN/JOW187ChIhw=="
    },
    "d3": {
      "version": "3.5.17",
      "resolved": "https://registry.npmjs.org/d3/-/d3-3.5.17.tgz",
      "integrity": "sha1-vEZ0gAQ3iyGjYMn8fPUjF5B2L7g="
    },
    "globalize": {
      "version": "0.1.0-a2",
      "resolved": "https://registry.npmjs.org/globalize/-/globalize-0.1.0a2.tgz",
      "integrity": "sha1-fyizguvv2boMs9gDY1+7pkqH8pQ="
    },
    "powerbi-models": {
      "version": "1.1.0",
      "resolved": "https://registry.npmjs.org/powerbi-models/-/powerbi-models-1.1.0.tgz",
      "integrity": "sha512-vu/ZUl+XkE8lvd4Isonp9IEQCeMFOQ1UVcjI52aSaqsNe4x9n+RKVIWiOchnpld0/pSGel4SsxGQotXWGhehlg=="
    },
    "powerbi-visuals-utils-chartutils": {
      "version": "1.5.1",
      "resolved": "https://registry.npmjs.org/powerbi-visuals-utils-chartutils/-/powerbi-visuals-utils-chartutils-1.5.1.tgz",
      "integrity": "sha1-E6aQUXh6ZG4EF2v+RLYz8A5/lhE=",
      "requires": {
        "d3": "3.5.5",
        "globalize": "0.1.0-a2",
        "powerbi-visuals-utils-formattingutils": "^2.0.0",
        "powerbi-visuals-utils-interactivityutils": "^1.0.0",
        "powerbi-visuals-utils-svgutils": "^1.0.0",
        "powerbi-visuals-utils-typeutils": "^1.0.0"
      },
      "dependencies": {
        "d3": {
          "version": "3.5.5",
          "resolved": "https://registry.npmjs.org/d3/-/d3-3.5.5.tgz",
          "integrity": "sha1-vhq6aoT7ZlMoOz6+u39XDjvaGH4="
        },
        "powerbi-visuals-utils-formattingutils": {
          "version": "2.1.0",
          "resolved": "https://registry.npmjs.org/powerbi-visuals-utils-formattingutils/-/powerbi-visuals-utils-formattingutils-2.1.0.tgz",
          "integrity": "sha1-mXmvDXEagPD2qe6NK8TBc1/p4Ys=",
          "requires": {
            "d3": "3.5.5",
            "globalize": "0.1.0-a2",
            "powerbi-visuals-utils-dataviewutils": "1.2.0",
            "powerbi-visuals-utils-svgutils": "1.1.0",
            "powerbi-visuals-utils-typeutils": "1.1.0"
          },
          "dependencies": {
            "powerbi-visuals-utils-svgutils": {
              "version": "1.1.0",
              "resolved": "https://registry.npmjs.org/powerbi-visuals-utils-svgutils/-/powerbi-visuals-utils-svgutils-1.1.0.tgz",
              "integrity": "sha1-i6IsbvVmKkAnCbR3dTpFGTQiV+c=",
              "requires": {
                "d3": "3.5.5",
                "powerbi-visuals-utils-typeutils": "1.1.0"
              }
            },
            "powerbi-visuals-utils-typeutils": {
              "version": "1.1.0",
              "resolved": "https://registry.npmjs.org/powerbi-visuals-utils-typeutils/-/powerbi-visuals-utils-typeutils-1.1.0.tgz",
              "integrity": "sha1-NHlC5YGHNwDaVe//UTamk6dt+bI="
            }
          }
        },
        "powerbi-visuals-utils-interactivityutils": {
          "version": "1.0.0",
          "resolved": "https://registry.npmjs.org/powerbi-visuals-utils-interactivityutils/-/powerbi-visuals-utils-interactivityutils-1.0.0.tgz",
          "integrity": "sha1-6Y8jHixrF1hl9z3OyYO8is1vumI=",
          "requires": {
            "d3": "3.5.5",
            "powerbi-visuals-utils-svgutils": "^1.0.0",
            "powerbi-visuals-utils-typeutils": "^1.0.0"
          }
        }
      }
    },
    "powerbi-visuals-utils-dataviewutils": {
      "version": "1.2.0",
      "resolved": "https://registry.npmjs.org/powerbi-visuals-utils-dataviewutils/-/powerbi-visuals-utils-dataviewutils-1.2.0.tgz",
      "integrity": "sha1-WaHJgzVclYoj2ZAYlPZfFXUZMhM="
    },
    "powerbi-visuals-utils-formattingutils": {
      "version": "3.1.0",
      "resolved": "https://registry.npmjs.org/powerbi-visuals-utils-formattingutils/-/powerbi-visuals-utils-formattingutils-3.1.0.tgz",
      "integrity": "sha512-sqA/ZqAzqtsyT65JOh7eNiJHuQnbVzj5eQiu9jc9I/HBWENK6s8w6pJbOT01v5Oz/4c//hXeEKB6Raawp+TlUA==",
      "requires": {
        "globalize": "0.1.0-a2",
        "powerbi-visuals-utils-dataviewutils": "1.4.1",
        "powerbi-visuals-utils-typeutils": "1.2.0"
      },
      "dependencies": {
        "powerbi-visuals-utils-dataviewutils": {
          "version": "1.4.1",
          "resolved": "https://registry.npmjs.org/powerbi-visuals-utils-dataviewutils/-/powerbi-visuals-utils-dataviewutils-1.4.1.tgz",
          "integrity": "sha1-+z8Hq7d1mpLVkEGJzyrkMRPLr9M="
        }
      }
    },
    "powerbi-visuals-utils-interactivityutils": {
      "version": "4.2.0",
      "resolved": "https://registry.npmjs.org/powerbi-visuals-utils-interactivityutils/-/powerbi-visuals-utils-interactivityutils-4.2.0.tgz",
      "integrity": "sha512-zivghpyaz2ec3CvTVU96qN3gJGOhQyGM7FQ36gz8ktOlcjZau5yObAzn4d0tvXMiH2kDN0rjgCIlDQqYfTzoSA==",
      "requires": {
        "d3": "3.5.5",
        "powerbi-visuals-utils-svgutils": "1.2.0",
        "powerbi-visuals-utils-typeutils": "1.2.0"
      },
      "dependencies": {
        "d3": {
          "version": "3.5.5",
          "resolved": "https://registry.npmjs.org/d3/-/d3-3.5.5.tgz",
          "integrity": "sha1-vhq6aoT7ZlMoOz6+u39XDjvaGH4="
        }
      }
    },
    "powerbi-visuals-utils-svgutils": {
      "version": "1.2.0",
      "resolved": "https://registry.npmjs.org/powerbi-visuals-utils-svgutils/-/powerbi-visuals-utils-svgutils-1.2.0.tgz",
      "integrity": "sha512-CfuKfnBVguRRDjbcWpaAAxJLRIyiit0SF/gCH+RnnVPngB0uR/eMgtYgaSQUe1X5LRWFdelLAKK4Sp2QCsgQ7g==",
      "requires": {
        "d3": "3.5.5",
        "powerbi-visuals-utils-typeutils": "1.1.0"
      },
      "dependencies": {
        "d3": {
          "version": "3.5.5",
          "resolved": "https://registry.npmjs.org/d3/-/d3-3.5.5.tgz",
          "integrity": "sha1-vhq6aoT7ZlMoOz6+u39XDjvaGH4="
        },
        "powerbi-visuals-utils-typeutils": {
          "version": "1.1.0",
          "resolved": "https://registry.npmjs.org/powerbi-visuals-utils-typeutils/-/powerbi-visuals-utils-typeutils-1.1.0.tgz",
          "integrity": "sha1-NHlC5YGHNwDaVe//UTamk6dt+bI="
        }
      }
    },
    "powerbi-visuals-utils-typeutils": {
      "version": "1.2.0",
      "resolved": "https://registry.npmjs.org/powerbi-visuals-utils-typeutils/-/powerbi-visuals-utils-typeutils-1.2.0.tgz",
      "integrity": "sha512-7DX+kD+w1vURRDLlOxJHbLqh2ikuAZ6n0YweHg6gt5bheX5Yn80i582Q/iFAyDJwNFeD0nnFDwbEQumcEMD1aA=="
    }
  }
}
